
Microsoft Visual Studio Solution File, Format Version 12.00
# Visual Studio 15
VisualStudioVersion = 15.0.27004.2005
MinimumVisualStudioVersion = 10.0.40219.1
Project("{9A19103F-16F7-4668-BE54-9A1E7A4F7556}") = "RazorPagesContacts", "RazorPagesContacts.csproj", "{B3953CA6-7AAB-4680-8B3C-BC57842ACFF3}"
EndProject
Global
	GlobalSection(SolutionConfigurationPlatforms) = preSolution
		Debug|Any CPU = Debug|Any CPU
		Release|Any CPU = Release|Any CPU
	EndGlobalSection
	GlobalSection(ProjectConfigurationPlatforms) = postSolution
		{B3953CA6-7AAB-4680-8B3C-BC57842ACFF3}.Debug|Any CPU.ActiveCfg = Debug|Any CPU
		{B3953CA6-7AAB-4680-8B3C-BC57842ACFF3}.Debug|Any CPU.Build.0 = Debug|Any CPU
		{B3953CA6-7AAB-4680-8B3C-BC57842ACFF3}.Release|Any CPU.ActiveCfg = Release|Any CPU
		{B3953CA6-7AAB-4680-8B3C-BC57842ACFF3}.Release|Any CPU.Build.0 = Release|Any CPU
	EndGlobalSection
	GlobalSection(SolutionProperties) = preSolution
		HideSolutionNode = FALSE
	EndGlobalSection
	GlobalSection(ExtensibilityGlobals) = postSolution
		SolutionGuid = {879BFA55-9FE2-4A6B-8F15-5D47BB4393A6}
	EndGlobalSection
EndGlobal
